// !$*UTF8*$!
{
	archiveVersion = 1;
	classes = {
	};
	objectVersion = 50;
	objects = {

/* Begin PBXBuildFile section */
		58AD4503E49D14ED0B498740 /* Pods_AlamofireTraining.framework in Frameworks */ = {isa = PBXBuildFile; fileRef = EA75BD22C888C56F40166BE4 /* Pods_AlamofireTraining.framework */; };
		6D380A6E20E54E990011D437 /* Login.storyboard in Resources */ = {isa = PBXBuildFile; fileRef = 6D380A6D20E54E990011D437 /* Login.storyboard */; };
		6D380A7020E54F470011D437 /* RegisterViewController.swift in Sources */ = {isa = PBXBuildFile; fileRef = 6D380A6F20E54F470011D437 /* RegisterViewController.swift */; };
		6D380A7320E5505B0011D437 /* Constants.swift in Sources */ = {isa = PBXBuildFile; fileRef = 6D380A7220E5505B0011D437 /* Constants.swift */; };
		6D380A7620E551440011D437 /* UIColorExtension.swift in Sources */ = {isa = PBXBuildFile; fileRef = 6D380A7520E551440011D437 /* UIColorExtension.swift */; };
		6D380A7920E556BD0011D437 /* CoreDataParseable.swift in Sources */ = {isa = PBXBuildFile; fileRef = 6D380A7820E556BD0011D437 /* CoreDataParseable.swift */; };
		6D380A7B20E557750011D437 /* UserCoreData.swift in Sources */ = {isa = PBXBuildFile; fileRef = 6D380A7A20E557750011D437 /* UserCoreData.swift */; };
		6D380A7D20E558A40011D437 /* CoreDataService.swift in Sources */ = {isa = PBXBuildFile; fileRef = 6D380A7C20E558A40011D437 /* CoreDataService.swift */; };
		6D380A8020E561E70011D437 /* APIUserService.swift in Sources */ = {isa = PBXBuildFile; fileRef = 6D380A7F20E561E70011D437 /* APIUserService.swift */; };
		6DF248C620E54AE600846C46 /* AppDelegate.swift in Sources */ = {isa = PBXBuildFile; fileRef = 6DF248C520E54AE600846C46 /* AppDelegate.swift */; };
		6DF248C820E54AE600846C46 /* ViewController.swift in Sources */ = {isa = PBXBuildFile; fileRef = 6DF248C720E54AE600846C46 /* ViewController.swift */; };
		6DF248CB20E54AE600846C46 /* Main.storyboard in Resources */ = {isa = PBXBuildFile; fileRef = 6DF248C920E54AE600846C46 /* Main.storyboard */; };
		6DF248CE20E54AE600846C46 /* AlamofireTraining.xcdatamodeld in Sources */ = {isa = PBXBuildFile; fileRef = 6DF248CC20E54AE600846C46 /* AlamofireTraining.xcdatamodeld */; };
		6DF248D020E54AE800846C46 /* Assets.xcassets in Resources */ = {isa = PBXBuildFile; fileRef = 6DF248CF20E54AE800846C46 /* Assets.xcassets */; };
		6DF248D320E54AE800846C46 /* LaunchScreen.storyboard in Resources */ = {isa = PBXBuildFile; fileRef = 6DF248D120E54AE800846C46 /* LaunchScreen.storyboard */; };
/* End PBXBuildFile section */

/* Begin PBXFileReference section */
		6D380A6D20E54E990011D437 /* Login.storyboard */ = {isa = PBXFileReference; lastKnownFileType = file.storyboard; path = Login.storyboard; sourceTree = "<group>"; };
		6D380A6F20E54F470011D437 /* RegisterViewController.swift */ = {isa = PBXFileReference; lastKnownFileType = sourcecode.swift; path = RegisterViewController.swift; sourceTree = "<group>"; };
		6D380A7220E5505B0011D437 /* Constants.swift */ = {isa = PBXFileReference; lastKnownFileType = sourcecode.swift; path = Constants.swift; sourceTree = "<group>"; };
		6D380A7520E551440011D437 /* UIColorExtension.swift */ = {isa = PBXFileReference; lastKnownFileType = sourcecode.swift; path = UIColorExtension.swift; sourceTree = "<group>"; };
		6D380A7820E556BD0011D437 /* CoreDataParseable.swift */ = {isa = PBXFileReference; lastKnownFileType = sourcecode.swift; path = CoreDataParseable.swift; sourceTree = "<group>"; };
		6D380A7A20E557750011D437 /* UserCoreData.swift */ = {isa = PBXFileReference; lastKnownFileType = sourcecode.swift; path = UserCoreData.swift; sourceTree = "<group>"; };
		6D380A7C20E558A40011D437 /* CoreDataService.swift */ = {isa = PBXFileReference; lastKnownFileType = sourcecode.swift; path = CoreDataService.swift; sourceTree = "<group>"; };
		6D380A7F20E561E70011D437 /* APIUserService.swift */ = {isa = PBXFileReference; lastKnownFileType = sourcecode.swift; path = APIUserService.swift; sourceTree = "<group>"; };
		6DF248C220E54AE600846C46 /* AlamofireTraining.app */ = {isa = PBXFileReference; explicitFileType = wrapper.application; includeInIndex = 0; path = AlamofireTraining.app; sourceTree = BUILT_PRODUCTS_DIR; };
		6DF248C520E54AE600846C46 /* AppDelegate.swift */ = {isa = PBXFileReference; lastKnownFileType = sourcecode.swift; path = AppDelegate.swift; sourceTree = "<group>"; };
		6DF248C720E54AE600846C46 /* ViewController.swift */ = {isa = PBXFileReference; lastKnownFileType = sourcecode.swift; path = ViewController.swift; sourceTree = "<group>"; };
		6DF248CA20E54AE600846C46 /* Base */ = {isa = PBXFileReference; lastKnownFileType = file.storyboard; name = Base; path = Base.lproj/Main.storyboard; sourceTree = "<group>"; };
		6DF248CD20E54AE600846C46 /* AlamofireTraining.xcdatamodel */ = {isa = PBXFileReference; lastKnownFileType = wrapper.xcdatamodel; path = AlamofireTraining.xcdatamodel; sourceTree = "<group>"; };
		6DF248CF20E54AE800846C46 /* Assets.xcassets */ = {isa = PBXFileReference; lastKnownFileType = folder.assetcatalog; path = Assets.xcassets; sourceTree = "<group>"; };
		6DF248D220E54AE800846C46 /* Base */ = {isa = PBXFileReference; lastKnownFileType = file.storyboard; name = Base; path = Base.lproj/LaunchScreen.storyboard; sourceTree = "<group>"; };
		6DF248D420E54AE800846C46 /* Info.plist */ = {isa = PBXFileReference; lastKnownFileType = text.plist.xml; path = Info.plist; sourceTree = "<group>"; };
		B14DEDB6D41FB0C51302AC3C /* Pods-AlamofireTraining.debug.xcconfig */ = {isa = PBXFileReference; includeInIndex = 1; lastKnownFileType = text.xcconfig; name = "Pods-AlamofireTraining.debug.xcconfig"; path = "Pods/Target Support Files/Pods-AlamofireTraining/Pods-AlamofireTraining.debug.xcconfig"; sourceTree = "<group>"; };
		EA75BD22C888C56F40166BE4 /* Pods_AlamofireTraining.framework */ = {isa = PBXFileReference; explicitFileType = wrapper.framework; includeInIndex = 0; path = Pods_AlamofireTraining.framework; sourceTree = BUILT_PRODUCTS_DIR; };
		FAD5AF44BB3AF5A72CE540FC /* Pods-AlamofireTraining.release.xcconfig */ = {isa = PBXFileReference; includeInIndex = 1; lastKnownFileType = text.xcconfig; name = "Pods-AlamofireTraining.release.xcconfig"; path = "Pods/Target Support Files/Pods-AlamofireTraining/Pods-AlamofireTraining.release.xcconfig"; sourceTree = "<group>"; };
/* End PBXFileReference section */

/* Begin PBXFrameworksBuildPhase section */
		6DF248BF20E54AE600846C46 /* Frameworks */ = {
			isa = PBXFrameworksBuildPhase;
			buildActionMask = 2147483647;
			files = (
				58AD4503E49D14ED0B498740 /* Pods_AlamofireTraining.framework in Frameworks */,
			);
			runOnlyForDeploymentPostprocessing = 0;
		};
/* End PBXFrameworksBuildPhase section */

/* Begin PBXGroup section */
		6D380A6B20E54E6A0011D437 /* Storyboard */ = {
			isa = PBXGroup;
			children = (
				6DF248C920E54AE600846C46 /* Main.storyboard */,
				6D380A6D20E54E990011D437 /* Login.storyboard */,
			);
			path = Storyboard;
			sourceTree = "<group>";
		};
		6D380A6C20E54E750011D437 /* View Controllers */ = {
			isa = PBXGroup;
			children = (
				6DF248C720E54AE600846C46 /* ViewController.swift */,
				6D380A6F20E54F470011D437 /* RegisterViewController.swift */,
			);
			path = "View Controllers";
			sourceTree = "<group>";
		};
		6D380A7120E5504F0011D437 /* Constants */ = {
			isa = PBXGroup;
			children = (
				6D380A7220E5505B0011D437 /* Constants.swift */,
			);
			path = Constants;
			sourceTree = "<group>";
		};
		6D380A7420E551370011D437 /* Extensions */ = {
			isa = PBXGroup;
			children = (
				6D380A7520E551440011D437 /* UIColorExtension.swift */,
			);
			path = Extensions;
			sourceTree = "<group>";
		};
		6D380A7720E5569A0011D437 /* CoreData */ = {
			isa = PBXGroup;
			children = (
				6D380A7820E556BD0011D437 /* CoreDataParseable.swift */,
				6D380A7A20E557750011D437 /* UserCoreData.swift */,
				6D380A7C20E558A40011D437 /* CoreDataService.swift */,
			);
			path = CoreData;
			sourceTree = "<group>";
		};
		6D380A7E20E561D70011D437 /* Service */ = {
			isa = PBXGroup;
			children = (
				6D380A7F20E561E70011D437 /* APIUserService.swift */,
			);
			path = Service;
			sourceTree = "<group>";
		};
		6DF248B920E54AE600846C46 = {
			isa = PBXGroup;
			children = (
				6DF248C420E54AE600846C46 /* AlamofireTraining */,
				6DF248C320E54AE600846C46 /* Products */,
				7224AB1EE71F98E071CD236A /* Pods */,
				BB5C7678C1DE2446DD1E19BB /* Frameworks */,
			);
			sourceTree = "<group>";
		};
		6DF248C320E54AE600846C46 /* Products */ = {
			isa = PBXGroup;
			children = (
				6DF248C220E54AE600846C46 /* AlamofireTraining.app */,
			);
			name = Products;
			sourceTree = "<group>";
		};
		6DF248C420E54AE600846C46 /* AlamofireTraining */ = {
			isa = PBXGroup;
			children = (
				6D380A7E20E561D70011D437 /* Service */,
				6D380A7720E5569A0011D437 /* CoreData */,
				6D380A7420E551370011D437 /* Extensions */,
				6D380A7120E5504F0011D437 /* Constants */,
				6D380A6C20E54E750011D437 /* View Controllers */,
				6D380A6B20E54E6A0011D437 /* Storyboard */,
				6DF248C520E54AE600846C46 /* AppDelegate.swift */,
				6DF248CF20E54AE800846C46 /* Assets.xcassets */,
				6DF248D120E54AE800846C46 /* LaunchScreen.storyboard */,
				6DF248D420E54AE800846C46 /* Info.plist */,
				6DF248CC20E54AE600846C46 /* AlamofireTraining.xcdatamodeld */,
			);
			path = AlamofireTraining;
			sourceTree = "<group>";
		};
		7224AB1EE71F98E071CD236A /* Pods */ = {
			isa = PBXGroup;
			children = (
				B14DEDB6D41FB0C51302AC3C /* Pods-AlamofireTraining.debug.xcconfig */,
				FAD5AF44BB3AF5A72CE540FC /* Pods-AlamofireTraining.release.xcconfig */,
			);
			name = Pods;
			sourceTree = "<group>";
		};
		BB5C7678C1DE2446DD1E19BB /* Frameworks */ = {
			isa = PBXGroup;
			children = (
				EA75BD22C888C56F40166BE4 /* Pods_AlamofireTraining.framework */,
			);
			name = Frameworks;
			sourceTree = "<group>";
		};
/* End PBXGroup section */

/* Begin PBXNativeTarget section */
		6DF248C120E54AE600846C46 /* AlamofireTraining */ = {
			isa = PBXNativeTarget;
			buildConfigurationList = 6DF248D720E54AE800846C46 /* Build configuration list for PBXNativeTarget "AlamofireTraining" */;
			buildPhases = (
				7657B679179BEF3F036D6C87 /* [CP] Check Pods Manifest.lock */,
				6DF248BE20E54AE600846C46 /* Sources */,
				6DF248BF20E54AE600846C46 /* Frameworks */,
				6DF248C020E54AE600846C46 /* Resources */,
				E27384D7BE509B0C90814965 /* [CP] Embed Pods Frameworks */,
				FD574AA1BE1A35C8000C69F9 /* [CP] Copy Pods Resources */,
			);
			buildRules = (
			);
			dependencies = (
			);
			name = AlamofireTraining;
			productName = AlamofireTraining;
			productReference = 6DF248C220E54AE600846C46 /* AlamofireTraining.app */;
			productType = "com.apple.product-type.application";
		};
/* End PBXNativeTarget section */

/* Begin PBXProject section */
		6DF248BA20E54AE600846C46 /* Project object */ = {
			isa = PBXProject;
			attributes = {
				LastSwiftUpdateCheck = 0940;
				LastUpgradeCheck = 0940;
				ORGANIZATIONNAME = "Raphael Carletti";
				TargetAttributes = {
					6DF248C120E54AE600846C46 = {
						CreatedOnToolsVersion = 9.4.1;
					};
				};
			};
			buildConfigurationList = 6DF248BD20E54AE600846C46 /* Build configuration list for PBXProject "AlamofireTraining" */;
			compatibilityVersion = "Xcode 9.3";
			developmentRegion = en;
			hasScannedForEncodings = 0;
			knownRegions = (
				en,
				Base,
			);
			mainGroup = 6DF248B920E54AE600846C46;
			productRefGroup = 6DF248C320E54AE600846C46 /* Products */;
			projectDirPath = "";
			projectRoot = "";
			targets = (
				6DF248C120E54AE600846C46 /* AlamofireTraining */,
			);
		};
/* End PBXProject section */

/* Begin PBXResourcesBuildPhase section */
		6DF248C020E54AE600846C46 /* Resources */ = {
			isa = PBXResourcesBuildPhase;
			buildActionMask = 2147483647;
			files = (
				6D380A6E20E54E990011D437 /* Login.storyboard in Resources */,
				6DF248D320E54AE800846C46 /* LaunchScreen.storyboard in Resources */,
				6DF248D020E54AE800846C46 /* Assets.xcassets in Resources */,
				6DF248CB20E54AE600846C46 /* Main.storyboard in Resources */,
			);
			runOnlyForDeploymentPostprocessing = 0;
		};
/* End PBXResourcesBuildPhase section */

/* Begin PBXShellScriptBuildPhase section */
		7657B679179BEF3F036D6C87 /* [CP] Check Pods Manifest.lock */ = {
			isa = PBXShellScriptBuildPhase;
			buildActionMask = 2147483647;
			files = (
			);
			inputPaths = (
				"${PODS_PODFILE_DIR_PATH}/Podfile.lock",
				"${PODS_ROOT}/Manifest.lock",
			);
			name = "[CP] Check Pods Manifest.lock";
			outputPaths = (
				"$(DERIVED_FILE_DIR)/Pods-AlamofireTraining-checkManifestLockResult.txt",
			);
			runOnlyForDeploymentPostprocessing = 0;
			shellPath = /bin/sh;
			shellScript = "diff \"${PODS_PODFILE_DIR_PATH}/Podfile.lock\" \"${PODS_ROOT}/Manifest.lock\" > /dev/null\nif [ $? != 0 ] ; then\n    # print error to STDERR\n    echo \"error: The sandbox is not in sync with the Podfile.lock. Run 'pod install' or update your CocoaPods installation.\" >&2\n    exit 1\nfi\n# This output is used by Xcode 'outputs' to avoid re-running this script phase.\necho \"SUCCESS\" > \"${SCRIPT_OUTPUT_FILE_0}\"\n";
			showEnvVarsInLog = 0;
		};
		E27384D7BE509B0C90814965 /* [CP] Embed Pods Frameworks */ = {
			isa = PBXShellScriptBuildPhase;
			buildActionMask = 2147483647;
			files = (
			);
			inputPaths = (
				"${SRCROOT}/Pods/Target Support Files/Pods-AlamofireTraining/Pods-AlamofireTraining-frameworks.sh",
				"${BUILT_PRODUCTS_DIR}/Alamofire/Alamofire.framework",
			);
			name = "[CP] Embed Pods Frameworks";
			outputPaths = (
				"${TARGET_BUILD_DIR}/${FRAMEWORKS_FOLDER_PATH}/Alamofire.framework",
			);
			runOnlyForDeploymentPostprocessing = 0;
			shellPath = /bin/sh;
			shellScript = "\"${SRCROOT}/Pods/Target Support Files/Pods-AlamofireTraining/Pods-AlamofireTraining-frameworks.sh\"\n";
			showEnvVarsInLog = 0;
		};
		FD574AA1BE1A35C8000C69F9 /* [CP] Copy Pods Resources */ = {
			isa = PBXShellScriptBuildPhase;
			buildActionMask = 2147483647;
			files = (
			);
			inputPaths = (
			);
			name = "[CP] Copy Pods Resources";
			outputPaths = (
			);
			runOnlyForDeploymentPostprocessing = 0;
			shellPath = /bin/sh;
			shellScript = "\"${SRCROOT}/Pods/Target Support Files/Pods-AlamofireTraining/Pods-AlamofireTraining-resources.sh\"\n";
			showEnvVarsInLog = 0;
		};
/* End PBXShellScriptBuildPhase section */

/* Begin PBXSourcesBuildPhase section */
		6DF248BE20E54AE600846C46 /* Sources */ = {
			isa = PBXSourcesBuildPhase;
			buildActionMask = 2147483647;
			files = (
				6D380A7320E5505B0011D437 /* Constants.swift in Sources */,
				6DF248CE20E54AE600846C46 /* AlamofireTraining.xcdatamodeld in Sources */,
				6DF248C820E54AE600846C46 /* ViewController.swift in Sources */,
				6D380A8020E561E70011D437 /* APIUserService.swift in Sources */,
				6DF248C620E54AE600846C46 /* AppDelegate.swift in Sources */,
				6D380A7020E54F470011D437 /* RegisterViewController.swift in Sources */,
				6D380A7920E556BD0011D437 /* CoreDataParseable.swift in Sources */,
				6D380A7620E551440011D437 /* UIColorExtension.swift in Sources */,
				6D380A7D20E558A40011D437 /* CoreDataService.swift in Sources */,
				6D380A7B20E557750011D437 /* UserCoreData.swift in Sources */,
			);
			runOnlyForDeploymentPostprocessing = 0;
		};
/* End PBXSourcesBuildPhase section */

/* Begin PBXVariantGroup section */
		6DF248C920E54AE600846C46 /* Main.storyboard */ = {
			isa = PBXVariantGroup;
			children = (
				6DF248CA20E54AE600846C46 /* Base */,
			);
			name = Main.storyboard;
			sourceTree = "<group>";
		};
		6DF248D120E54AE800846C46 /* LaunchScreen.storyboard */ = {
			isa = PBXVariantGroup;
			children = (
				6DF248D220E54AE800846C46 /* Base */,
			);
			name = LaunchScreen.storyboard;
			sourceTree = "<group>";
		};
/* End PBXVariantGroup section */

/* Begin XCBuildConfiguration section */
		6DF248D520E54AE800846C46 /* Debug */ = {
			isa = XCBuildConfiguration;
			buildSettings = {
				ALWAYS_SEARCH_USER_PATHS = NO;
				CLANG_ANALYZER_NONNULL = YES;
				CLANG_ANALYZER_NUMBER_OBJECT_CONVERSION = YES_AGGRESSIVE;
				CLANG_CXX_LANGUAGE_STANDARD = "gnu++14";
				CLANG_CXX_LIBRARY = "libc++";
				CLANG_ENABLE_MODULES = YES;
				CLANG_ENABLE_OBJC_ARC = YES;
				CLANG_ENABLE_OBJC_WEAK = YES;
				CLANG_WARN_BLOCK_CAPTURE_AUTORELEASING = YES;
				CLANG_WARN_BOOL_CONVERSION = YES;
				CLANG_WARN_COMMA = YES;
				CLANG_WARN_CONSTANT_CONVERSION = YES;
				CLANG_WARN_DEPRECATED_OBJC_IMPLEMENTATIONS = YES;
				CLANG_WARN_DIRECT_OBJC_ISA_USAGE = YES_ERROR;
				CLANG_WARN_DOCUMENTATION_COMMENTS = YES;
				CLANG_WARN_EMPTY_BODY = YES;
				CLANG_WARN_ENUM_CONVERSION = YES;
				CLANG_WARN_INFINITE_RECURSION = YES;
				CLANG_WARN_INT_CONVERSION = YES;
				CLANG_WARN_NON_LITERAL_NULL_CONVERSION = YES;
				CLANG_WARN_OBJC_IMPLICIT_RETAIN_SELF = YES;
				CLANG_WARN_OBJC_LITERAL_CONVERSION = YES;
				CLANG_WARN_OBJC_ROOT_CLASS = YES_ERROR;
				CLANG_WARN_RANGE_LOOP_ANALYSIS = YES;
				CLANG_WARN_STRICT_PROTOTYPES = YES;
				CLANG_WARN_SUSPICIOUS_MOVE = YES;
				CLANG_WARN_UNGUARDED_AVAILABILITY = YES_AGGRESSIVE;
				CLANG_WARN_UNREACHABLE_CODE = YES;
				CLANG_WARN__DUPLICATE_METHOD_MATCH = YES;
				CODE_SIGN_IDENTITY = "iPhone Developer";
				COPY_PHASE_STRIP = NO;
				DEBUG_INFORMATION_FORMAT = dwarf;
				ENABLE_STRICT_OBJC_MSGSEND = YES;
				ENABLE_TESTABILITY = YES;
				GCC_C_LANGUAGE_STANDARD = gnu11;
				GCC_DYNAMIC_NO_PIC = NO;
				GCC_NO_COMMON_BLOCKS = YES;
				GCC_OPTIMIZATION_LEVEL = 0;
				GCC_PREPROCESSOR_DEFINITIONS = (
					"DEBUG=1",
					"$(inherited)",
				);
				GCC_WARN_64_TO_32_BIT_CONVERSION = YES;
				GCC_WARN_ABOUT_RETURN_TYPE = YES_ERROR;
				GCC_WARN_UNDECLARED_SELECTOR = YES;
				GCC_WARN_UNINITIALIZED_AUTOS = YES_AGGRESSIVE;
				GCC_WARN_UNUSED_FUNCTION = YES;
				GCC_WARN_UNUSED_VARIABLE = YES;
				IPHONEOS_DEPLOYMENT_TARGET = 11.4;
				MTL_ENABLE_DEBUG_INFO = YES;
				ONLY_ACTIVE_ARCH = YES;
				SDKROOT = iphoneos;
				SWIFT_ACTIVE_COMPILATION_CONDITIONS = DEBUG;
				SWIFT_OPTIMIZATION_LEVEL = "-Onone";
			};
			name = Debug;
		};
		6DF248D620E54AE800846C46 /* Release */ = {
			isa = XCBuildConfiguration;
			buildSettings = {
				ALWAYS_SEARCH_USER_PATHS = NO;
				CLANG_ANALYZER_NONNULL = YES;
				CLANG_ANALYZER_NUMBER_OBJECT_CONVERSION = YES_AGGRESSIVE;
				CLANG_CXX_LANGUAGE_STANDARD = "gnu++14";
				CLANG_CXX_LIBRARY = "libc++";
				CLANG_ENABLE_MODULES = YES;
				CLANG_ENABLE_OBJC_ARC = YES;
				CLANG_ENABLE_OBJC_WEAK = YES;
				CLANG_WARN_BLOCK_CAPTURE_AUTORELEASING = YES;
				CLANG_WARN_BOOL_CONVERSION = YES;
				CLANG_WARN_COMMA = YES;
				CLANG_WARN_CONSTANT_CONVERSION = YES;
				CLANG_WARN_DEPRECATED_OBJC_IMPLEMENTATIONS = YES;
				CLANG_WARN_DIRECT_OBJC_ISA_USAGE = YES_ERROR;
				CLANG_WARN_DOCUMENTATION_COMMENTS = YES;
				CLANG_WARN_EMPTY_BODY = YES;
				CLANG_WARN_ENUM_CONVERSION = YES;
				CLANG_WARN_INFINITE_RECURSION = YES;
				CLANG_WARN_INT_CONVERSION = YES;
				CLANG_WARN_NON_LITERAL_NULL_CONVERSION = YES;
				CLANG_WARN_OBJC_IMPLICIT_RETAIN_SELF = YES;
				CLANG_WARN_OBJC_LITERAL_CONVERSION = YES;
				CLANG_WARN_OBJC_ROOT_CLASS = YES_ERROR;
				CLANG_WARN_RANGE_LOOP_ANALYSIS = YES;
				CLANG_WARN_STRICT_PROTOTYPES = YES;
				CLANG_WARN_SUSPICIOUS_MOVE = YES;
				CLANG_WARN_UNGUARDED_AVAILABILITY = YES_AGGRESSIVE;
				CLANG_WARN_UNREACHABLE_CODE = YES;
				CLANG_WARN__DUPLICATE_METHOD_MATCH = YES;
				CODE_SIGN_IDENTITY = "iPhone Developer";
				COPY_PHASE_STRIP = NO;
				DEBUG_INFORMATION_FORMAT = "dwarf-with-dsym";
				ENABLE_NS_ASSERTIONS = NO;
				ENABLE_STRICT_OBJC_MSGSEND = YES;
				GCC_C_LANGUAGE_STANDARD = gnu11;
				GCC_NO_COMMON_BLOCKS = YES;
				GCC_WARN_64_TO_32_BIT_CONVERSION = YES;
				GCC_WARN_ABOUT_RETURN_TYPE = YES_ERROR;
				GCC_WARN_UNDECLARED_SELECTOR = YES;
				GCC_WARN_UNINITIALIZED_AUTOS = YES_AGGRESSIVE;
				GCC_WARN_UNUSED_FUNCTION = YES;
				GCC_WARN_UNUSED_VARIABLE = YES;
				IPHONEOS_DEPLOYMENT_TARGET = 11.4;
				MTL_ENABLE_DEBUG_INFO = NO;
				SDKROOT = iphoneos;
				SWIFT_COMPILATION_MODE = wholemodule;
				SWIFT_OPTIMIZATION_LEVEL = "-O";
				VALIDATE_PRODUCT = YES;
			};
			name = Release;
		};
		6DF248D820E54AE800846C46 /* Debug */ = {
			isa = XCBuildConfiguration;
			baseConfigurationReference = B14DEDB6D41FB0C51302AC3C /* Pods-AlamofireTraining.debug.xcconfig */;
			buildSettings = {
				ASSETCATALOG_COMPILER_APPICON_NAME = AppIcon;
				CODE_SIGN_STYLE = Automatic;
				DEVELOPMENT_TEAM = 98552BXM3C;
				INFOPLIST_FILE = AlamofireTraining/Info.plist;
				IPHONEOS_DEPLOYMENT_TARGET = 10.1;
				LD_RUNPATH_SEARCH_PATHS = (
					"$(inherited)",
					"@executable_path/Frameworks",
				);
				PRODUCT_BUNDLE_IDENTIFIER = com.raphael.AlamofireTraining;
				PRODUCT_NAME = "$(TARGET_NAME)";
				SWIFT_VERSION = 4.0;
				TARGETED_DEVICE_FAMILY = "1,2";
			};
			name = Debug;
		};
		6DF248D920E54AE800846C46 /* Release */ = {
			isa = XCBuildConfiguration;
			baseConfigurationReference = FAD5AF44BB3AF5A72CE540FC /* Pods-AlamofireTraining.release.xcconfig */;
			buildSettings = {
				ASSETCATALOG_COMPILER_APPICON_NAME = AppIcon;
				CODE_SIGN_STYLE = Automatic;
				DEVELOPMENT_TEAM = 98552BXM3C;
				INFOPLIST_FILE = AlamofireTraining/Info.plist;
				IPHONEOS_DEPLOYMENT_TARGET = 10.1;
				LD_RUNPATH_SEARCH_PATHS = (
					"$(inherited)",
					"@executable_path/Frameworks",
				);
				PRODUCT_BUNDLE_IDENTIFIER = com.raphael.AlamofireTraining;
				PRODUCT_NAME = "$(TARGET_NAME)";
				SWIFT_VERSION = 4.0;
				TARGETED_DEVICE_FAMILY = "1,2";
			};
			name = Release;
		};
/* End XCBuildConfiguration section */

/* Begin XCConfigurationList section */
		6DF248BD20E54AE600846C46 /* Build configuration list for PBXProject "AlamofireTraining" */ = {
			isa = XCConfigurationList;
			buildConfigurations = (
				6DF248D520E54AE800846C46 /* Debug */,
				6DF248D620E54AE800846C46 /* Release */,
			);
			defaultConfigurationIsVisible = 0;
			defaultConfigurationName = Release;
		};
		6DF248D720E54AE800846C46 /* Build configuration list for PBXNativeTarget "AlamofireTraining" */ = {
			isa = XCConfigurationList;
			buildConfigurations = (
				6DF248D820E54AE800846C46 /* Debug */,
				6DF248D920E54AE800846C46 /* Release */,
			);
			defaultConfigurationIsVisible = 0;
			defaultConfigurationName = Release;
		};
/* End XCConfigurationList section */

/* Begin XCVersionGroup section */
		6DF248CC20E54AE600846C46 /* AlamofireTraining.xcdatamodeld */ = {
			isa = XCVersionGroup;
			children = (
				6DF248CD20E54AE600846C46 /* AlamofireTraining.xcdatamodel */,
			);
			currentVersion = 6DF248CD20E54AE600846C46 /* AlamofireTraining.xcdatamodel */;
			path = AlamofireTraining.xcdatamodeld;
			sourceTree = "<group>";
			versionGroupType = wrapper.xcdatamodel;
		};
/* End XCVersionGroup section */
	};
	rootObject = 6DF248BA20E54AE600846C46 /* Project object */;
}
